
Microsoft Visual Studio Solution File, Format Version 12.00
# Visual Studio Version 17
VisualStudioVersion = 17.6.33723.286
MinimumVisualStudioVersion = 10.0.40219.1
Project("{FAE04EC0-301F-11D3-BF4B-00C04F79EFBC}") = "s3893749-s3912792-a1", "s3893749-s3912792-a1\s3893749-s3912792-a1.csproj", "{D9130F99-58E6-4C11-BE98-C2B8DCEE3A96}"
	ProjectSection(ProjectDependencies) = postProject
		{C643DD54-7E96-4B5F-96C7-454F246C8EBD} = {C643DD54-7E96-4B5F-96C7-454F246C8EBD}
	EndProjectSection
EndProject
Global
	GlobalSection(SolutionConfigurationPlatforms) = preSolution
		Debug|Any CPU = Debug|Any CPU
		Release|Any CPU = Release|Any CPU
	EndGlobalSection
	GlobalSection(ProjectConfigurationPlatforms) = postSolution
		{D9130F99-58E6-4C11-BE98-C2B8DCEE3A96}.Debug|Any CPU.ActiveCfg = Debug|Any CPU
		{D9130F99-58E6-4C11-BE98-C2B8DCEE3A96}.Debug|Any CPU.Build.0 = Debug|Any CPU
		{D9130F99-58E6-4C11-BE98-C2B8DCEE3A96}.Release|Any CPU.ActiveCfg = Release|Any CPU
		{D9130F99-58E6-4C11-BE98-C2B8DCEE3A96}.Release|Any CPU.Build.0 = Release|Any CPU
	EndGlobalSection
	GlobalSection(SolutionProperties) = preSolution
		HideSolutionNode = FALSE
	EndGlobalSection
	GlobalSection(ExtensibilityGlobals) = postSolution
		SolutionGuid = {C1D13B27-162D-4BE3-8181-7560DB97FBE2}
	EndGlobalSection
EndGlobal
